
Microsoft Visual Studio Solution File, Format Version 12.00
# Visual Studio 15
VisualStudioVersion = 15.0.27130.2010
MinimumVisualStudioVersion = 10.0.40219.1
Project("{FAE04EC0-301F-11D3-BF4B-00C04F79EFBC}") = "MarvalSoftware.Servers.CustomAction.Example", "MarvalSoftware.Servers.CustomAction.Example\MarvalSoftware.Servers.CustomAction.Example.csproj", "{E38C1B78-6D4B-474C-A3B9-B159C86DD3CC}"
EndProject
Project("{FAE04EC0-301F-11D3-BF4B-00C04F79EFBC}") = "MarvalSoftware.Servers.CustomAction.PostJSON", "MarvalSoftware.Servers.CustomAction.PostJSON\MarvalSoftware.Servers.CustomAction.PostJSON.csproj", "{C015341D-6D2A-4F03-A4BB-1E9851BEE9F9}"
EndProject
Project("{FAE04EC0-301F-11D3-BF4B-00C04F79EFBC}") = "MarvalSoftware.Servers.CustomAction.ExecuteAgent", "MarvalSoftware.Servers.CustomAction.ExecuteAgent\MarvalSoftware.Servers.CustomAction.ExecuteAgent.csproj", "{BCD7F0C1-A518-4F60-A82D-AD6F2D80EA6A}"
EndProject
Project("{FAE04EC0-301F-11D3-BF4B-00C04F79EFBC}") = "MarvalSoftware.Servers.CustomAction.PostForm", "MarvalSoftware.Servers.CustomAction.PostForm\MarvalSoftware.Servers.CustomAction.PostForm.csproj", "{E38C1B78-6D2A-4F03-A4BB-1E9851BEE9F9}"
EndProject
Project("{2150E333-8FDC-42A3-9474-1A3956D46DE8}") = "Solution Items", "Solution Items", "{299F339B-4B07-4A78-8D5C-EBE898F2E087}"
	ProjectSection(SolutionItems) = preProject
		LICENSE.txt = LICENSE.txt
		README.md = README.md
	EndProjectSection
EndProject
Global
	GlobalSection(SolutionConfigurationPlatforms) = preSolution
		Debug|Any CPU = Debug|Any CPU
		Release|Any CPU = Release|Any CPU
	EndGlobalSection
	GlobalSection(ProjectConfigurationPlatforms) = postSolution
		{E38C1B78-6D4B-474C-A3B9-B159C86DD3CC}.Debug|Any CPU.ActiveCfg = Debug|Any CPU
		{E38C1B78-6D4B-474C-A3B9-B159C86DD3CC}.Debug|Any CPU.Build.0 = Debug|Any CPU
		{E38C1B78-6D4B-474C-A3B9-B159C86DD3CC}.Release|Any CPU.ActiveCfg = Release|Any CPU
		{E38C1B78-6D4B-474C-A3B9-B159C86DD3CC}.Release|Any CPU.Build.0 = Release|Any CPU
		{C015341D-6D2A-4F03-A4BB-1E9851BEE9F9}.Debug|Any CPU.ActiveCfg = Debug|Any CPU
		{C015341D-6D2A-4F03-A4BB-1E9851BEE9F9}.Debug|Any CPU.Build.0 = Debug|Any CPU
		{C015341D-6D2A-4F03-A4BB-1E9851BEE9F9}.Release|Any CPU.ActiveCfg = Release|Any CPU
		{C015341D-6D2A-4F03-A4BB-1E9851BEE9F9}.Release|Any CPU.Build.0 = Release|Any CPU
		{BCD7F0C1-A518-4F60-A82D-AD6F2D80EA6A}.Debug|Any CPU.ActiveCfg = Debug|Any CPU
		{BCD7F0C1-A518-4F60-A82D-AD6F2D80EA6A}.Debug|Any CPU.Build.0 = Debug|Any CPU
		{BCD7F0C1-A518-4F60-A82D-AD6F2D80EA6A}.Release|Any CPU.ActiveCfg = Release|Any CPU
		{BCD7F0C1-A518-4F60-A82D-AD6F2D80EA6A}.Release|Any CPU.Build.0 = Release|Any CPU
		{E38C1B78-6D2A-4F03-A4BB-1E9851BEE9F9}.Debug|Any CPU.ActiveCfg = Debug|Any CPU
		{E38C1B78-6D2A-4F03-A4BB-1E9851BEE9F9}.Debug|Any CPU.Build.0 = Debug|Any CPU
		{E38C1B78-6D2A-4F03-A4BB-1E9851BEE9F9}.Release|Any CPU.ActiveCfg = Release|Any CPU
		{E38C1B78-6D2A-4F03-A4BB-1E9851BEE9F9}.Release|Any CPU.Build.0 = Release|Any CPU
	EndGlobalSection
	GlobalSection(SolutionProperties) = preSolution
		HideSolutionNode = FALSE
	EndGlobalSection
	GlobalSection(ExtensibilityGlobals) = postSolution
		SolutionGuid = {A6AF90D7-F5D3-4930-9A1E-F032E38BF200}
	EndGlobalSection
EndGlobal
